<?xml version="1.0" encoding="utf-8"?>
<Project ToolsVersion="4.0" xmlns="http://schemas.microsoft.com/developer/msbuild/2003">
  <ItemGroup>
    <Filter Include="Source Files">
      <UniqueIdentifier>{4FC737F1-C7A5-4376-A066-2A32D752A2FF}</UniqueIdentifier>
      <Extensions>cpp;c;cc;cxx;def;odl;idl;hpj;bat;asm;asmx</Extensions>
    </Filter>
    <Filter Include="Header Files">
      <UniqueIdentifier>{93995380-89BD-4b04-88EB-625FBE52EBFB}</UniqueIdentifier>
      <Extensions>h;hh;hpp;hxx;hm;inl;inc;xsd</Extensions>
    </Filter>
    <Filter Include="Resource Files">
      <UniqueIdentifier>{67DA6AB6-F800-4c08-8B7A-83BB121AAD01}</UniqueIdentifier>
      <Extensions>rc;ico;cur;bmp;dlg;rc2;rct;bin;rgs;gif;jpg;jpeg;jpe;resx;tiff;tif;png;wav;mfcribbon-ms</Extensions>
    </Filter>
    <Filter Include="Header Files\Objects">
      <UniqueIdentifier>{adc2845d-5327-402e-8214-4edcbb20a774}</UniqueIdentifier>
    </Filter>
    <Filter Include="Source Files\Objects">
      <UniqueIdentifier>{36c30200-bfff-4ff6-990e-35a8bdafb58c}</UniqueIdentifier>
    </Filter>
    <Filter Include="Header Files\Backbone">
      <UniqueIdentifier>{4c29ba37-714b-4fd3-a10d-2e6e7dc92dfb}</UniqueIdentifier>
    </Filter>
    <Filter Include="Source Files\Backbone">
      <UniqueIdentifier>{70e1328a-878e-4e3c-a141-7fc4a32e1b88}</UniqueIdentifier>
    </Filter>
    <Filter Include="Source Files\HUD">
      <UniqueIdentifier>{8d0633e8-4f7c-40e8-b33b-72bd505f88d9}</UniqueIdentifier>
    </Filter>
    <Filter Include="Header Files\HUD">
      <UniqueIdentifier>{d39bb0a8-089e-40e4-b9b6-b1e4fee54116}</UniqueIdentifier>
    </Filter>
    <Filter Include="Header Files\Debugger">
      <UniqueIdentifier>{46f06b71-36d2-48d7-8bbe-44ab3cccff7f}</UniqueIdentifier>
    </Filter>
    <Filter Include="Source Files\Debugger">
      <UniqueIdentifier>{9f5fc434-5a1d-4008-abb1-691af3482173}</UniqueIdentifier>
    </Filter>
    <Filter Include="Header Files\Debugger\ImGUI">
      <UniqueIdentifier>{30cd865a-c36b-47f3-b383-d9f57f1a3720}</UniqueIdentifier>
    </Filter>
    <Filter Include="Source Files\Debugger\ImGUI">
      <UniqueIdentifier>{fefb8ab5-1ed2-41cf-9945-0af6df14dd01}</UniqueIdentifier>
    </Filter>
  </ItemGroup>
  <ItemGroup>
    <ClInclude Include="Chest.h">
      <Filter>Header Files\Objects</Filter>
    </ClInclude>
    <ClInclude Include="Diamond.h">
      <Filter>Header Files\Objects</Filter>
    </ClInclude>
    <ClInclude Include="Dirt.h">
      <Filter>Header Files\Objects</Filter>
    </ClInclude>
    <ClInclude Include="Gold.h">
      <Filter>Header Files\Objects</Filter>
    </ClInclude>
    <ClInclude Include="Heart.h">
      <Filter>Header Files\Objects</Filter>
    </ClInclude>
    <ClInclude Include="Mine.h">
      <Filter>Header Files\Objects</Filter>
    </ClInclude>
    <ClInclude Include="GameObject.h">
      <Filter>Header Files\Objects</Filter>
    </ClInclude>
    <ClInclude Include="utilities.h">
      <Filter>Header Files</Filter>
    </ClInclude>
    <ClInclude Include="backbuffer.h">
      <Filter>Header Files\Backbone</Filter>
    </ClInclude>
    <ClInclude Include="entity.h">
      <Filter>Header Files\Backbone</Filter>
    </ClInclude>
    <ClInclude Include="game.h">
      <Filter>Header Files\Backbone</Filter>
    </ClInclude>
    <ClInclude Include="inputhandler.h">
      <Filter>Header Files\Backbone</Filter>
    </ClInclude>
    <ClInclude Include="sprite.h">
      <Filter>Header Files\Backbone</Filter>
    </ClInclude>
    <ClInclude Include="texture.h">
      <Filter>Header Files\Backbone</Filter>
    </ClInclude>
    <ClInclude Include="texturemanager.h">
      <Filter>Header Files\Backbone</Filter>
    </ClInclude>
    <ClInclude Include="logmanager.h">
      <Filter>Header Files</Filter>
    </ClInclude>
    <ClInclude Include="player.h">
      <Filter>Header Files</Filter>
    </ClInclude>
    <ClInclude Include="map.h">
      <Filter>Header Files</Filter>
    </ClInclude>
    <ClInclude Include="BackgroundRock.h">
      <Filter>Header Files\Objects</Filter>
    </ClInclude>
    <ClInclude Include="sound.h">
      <Filter>Header Files\Backbone</Filter>
    </ClInclude>
    <ClInclude Include="hud.h">
      <Filter>Header Files\HUD</Filter>
    </ClInclude>
    <ClInclude Include="HudButton.h">
      <Filter>Header Files\HUD</Filter>
    </ClInclude>
    <ClInclude Include="ButtonTypes.h">
      <Filter>Header Files\HUD</Filter>
    </ClInclude>
    <ClInclude Include="imconfig.h">
      <Filter>Header Files\Debugger\ImGUI</Filter>
    </ClInclude>
    <ClInclude Include="imgui.h">
      <Filter>Header Files\Debugger\ImGUI</Filter>
    </ClInclude>
    <ClInclude Include="imgui_internal.h">
      <Filter>Header Files\Debugger\ImGUI</Filter>
    </ClInclude>
    <ClInclude Include="imgui_sdl.h">
      <Filter>Header Files\Debugger\ImGUI</Filter>
    </ClInclude>
    <ClInclude Include="imstb_rectpack.h">
      <Filter>Header Files\Debugger\ImGUI</Filter>
    </ClInclude>
    <ClInclude Include="imstb_textedit.h">
      <Filter>Header Files\Debugger\ImGUI</Filter>
    </ClInclude>
    <ClInclude Include="imstb_truetype.h">
      <Filter>Header Files\Debugger\ImGUI</Filter>
    </ClInclude>
    <ClInclude Include="debugger.h">
      <Filter>Header Files\Debugger</Filter>
    </ClInclude>
  </ItemGroup>
  <ItemGroup>
    <ClCompile Include="logmanager.cpp">
      <Filter>Source Files</Filter>
    </ClCompile>
    <ClCompile Include="main.cpp">
      <Filter>Source Files</Filter>
    </ClCompile>
    <ClCompile Include="Chest.cpp">
      <Filter>Source Files\Objects</Filter>
    </ClCompile>
    <ClCompile Include="Diamond.cpp">
      <Filter>Source Files\Objects</Filter>
    </ClCompile>
    <ClCompile Include="Dirt.cpp">
      <Filter>Source Files\Objects</Filter>
    </ClCompile>
    <ClCompile Include="GameObject.cpp">
      <Filter>Source Files\Objects</Filter>
    </ClCompile>
    <ClCompile Include="Gold.cpp">
      <Filter>Source Files\Objects</Filter>
    </ClCompile>
    <ClCompile Include="Heart.cpp">
      <Filter>Source Files\Objects</Filter>
    </ClCompile>
    <ClCompile Include="Mine.cpp">
      <Filter>Source Files\Objects</Filter>
    </ClCompile>
    <ClCompile Include="utilities.cpp">
      <Filter>Source Files</Filter>
    </ClCompile>
    <ClCompile Include="backbuffer.cpp">
      <Filter>Source Files\Backbone</Filter>
    </ClCompile>
    <ClCompile Include="entity.cpp">
      <Filter>Source Files\Backbone</Filter>
    </ClCompile>
    <ClCompile Include="game.cpp">
      <Filter>Source Files\Backbone</Filter>
    </ClCompile>
    <ClCompile Include="inputhandler.cpp">
      <Filter>Source Files\Backbone</Filter>
    </ClCompile>
    <ClCompile Include="sprite.cpp">
      <Filter>Source Files\Backbone</Filter>
    </ClCompile>
    <ClCompile Include="texture.cpp">
      <Filter>Source Files\Backbone</Filter>
    </ClCompile>
    <ClCompile Include="texturemanager.cpp">
      <Filter>Source Files\Backbone</Filter>
    </ClCompile>
    <ClCompile Include="player.cpp">
      <Filter>Source Files</Filter>
    </ClCompile>
    <ClCompile Include="map.cpp">
      <Filter>Source Files</Filter>
    </ClCompile>
    <ClCompile Include="BackgroundRock.cpp">
      <Filter>Source Files\Objects</Filter>
    </ClCompile>
    <ClCompile Include="sound.cpp">
      <Filter>Source Files\Backbone</Filter>
    </ClCompile>
    <ClCompile Include="hud.cpp">
      <Filter>Source Files\HUD</Filter>
    </ClCompile>
    <ClCompile Include="imgui.cpp">
      <Filter>Source Files\Debugger\ImGUI</Filter>
    </ClCompile>
    <ClCompile Include="imgui_draw.cpp">
      <Filter>Source Files\Debugger\ImGUI</Filter>
    </ClCompile>
    <ClCompile Include="imgui_sdl.cpp">
      <Filter>Source Files\Debugger\ImGUI</Filter>
    </ClCompile>
    <ClCompile Include="imgui_widgets.cpp">
      <Filter>Source Files\Debugger\ImGUI</Filter>
    </ClCompile>
    <ClCompile Include="imgui_demo.cpp">
      <Filter>Source Files\Debugger\ImGUI</Filter>
    </ClCompile>
    <ClCompile Include="debugger.cpp">
      <Filter>Source Files\Debugger</Filter>
    </ClCompile>
    <ClCompile Include="HudButton.cpp">
      <Filter>Source Files\HUD</Filter>
    </ClCompile>
  </ItemGroup>
</Project>